// !$*UTF8*$!
{
	archiveVersion = 1;
	classes = {
	};
	objectVersion = 46;
	objects = {

/* Begin PBXBuildFile section */
		7B070FC91A112CBD00997D50 /* FirebaseAsync.swift in Sources */ = {isa = PBXBuildFile; fileRef = 7B070FC81A112CBD00997D50 /* FirebaseAsync.swift */; };
		7B15CCFC1A38D22100519C8E /* UserCell.swift in Sources */ = {isa = PBXBuildFile; fileRef = 7B15CCFB1A38D22100519C8E /* UserCell.swift */; };
		7B15CCFE1A38D22F00519C8E /* UserCell.xib in Resources */ = {isa = PBXBuildFile; fileRef = 7B15CCFD1A38D22F00519C8E /* UserCell.xib */; };
		7B15CD011A38D73300519C8E /* SelectUserViewController.swift in Sources */ = {isa = PBXBuildFile; fileRef = 7B15CD001A38D73300519C8E /* SelectUserViewController.swift */; };
		7B15CD041A38EECD00519C8E /* TeamStore.swift in Sources */ = {isa = PBXBuildFile; fileRef = 7B15CD031A38EECD00519C8E /* TeamStore.swift */; };
		7B15CD071A3906ED00519C8E /* SelectTeamViewController.swift in Sources */ = {isa = PBXBuildFile; fileRef = 7B15CD061A3906ED00519C8E /* SelectTeamViewController.swift */; };
		7B15CD091A39080400519C8E /* TeamCell.swift in Sources */ = {isa = PBXBuildFile; fileRef = 7B15CD081A39080400519C8E /* TeamCell.swift */; };
		7B15CD0B1A39081600519C8E /* TeamCell.xib in Resources */ = {isa = PBXBuildFile; fileRef = 7B15CD0A1A39081600519C8E /* TeamCell.xib */; };
		7B15CD0D1A3922EA00519C8E /* ResizedImageButton.swift in Sources */ = {isa = PBXBuildFile; fileRef = 7B15CD0C1A3922EA00519C8E /* ResizedImageButton.swift */; };
		7B15CD171A3A59AF00519C8E /* ObservableDataStore.swift in Sources */ = {isa = PBXBuildFile; fileRef = 7B15CD161A3A59AF00519C8E /* ObservableDataStore.swift */; };
		7B24278F1A2D3E7500A3144E /* TaskDetailViewController.swift in Sources */ = {isa = PBXBuildFile; fileRef = 7B24278E1A2D3E7500A3144E /* TaskDetailViewController.swift */; };
		7B2427911A2D63F100A3144E /* TaskDetailAuthorCell.swift in Sources */ = {isa = PBXBuildFile; fileRef = 7B2427901A2D63F100A3144E /* TaskDetailAuthorCell.swift */; };
		7B29F1981A264346003920AD /* TeamProfileViewController.swift in Sources */ = {isa = PBXBuildFile; fileRef = 7B29F1971A264346003920AD /* TeamProfileViewController.swift */; };
		7B29F19A1A2643FC003920AD /* TeamHeaderCell.swift in Sources */ = {isa = PBXBuildFile; fileRef = 7B29F1991A2643FC003920AD /* TeamHeaderCell.swift */; };
		7B29F19C1A26443E003920AD /* TeamProfileControlCell.swift in Sources */ = {isa = PBXBuildFile; fileRef = 7B29F19B1A26443E003920AD /* TeamProfileControlCell.swift */; };
		7B29F19E1A264465003920AD /* TeamMemberCell.swift in Sources */ = {isa = PBXBuildFile; fileRef = 7B29F19D1A264465003920AD /* TeamMemberCell.swift */; };
		7B39D28D1A01F6E10033D4FE /* ProfileViewController.swift in Sources */ = {isa = PBXBuildFile; fileRef = 7B39D28C1A01F6E10033D4FE /* ProfileViewController.swift */; };
		7B469C4C1A21B4AC0054019D /* MenuSettingsCell.swift in Sources */ = {isa = PBXBuildFile; fileRef = 7B469C4B1A21B4AC0054019D /* MenuSettingsCell.swift */; };
		7B469C4E1A2237EC0054019D /* Barrier.swift in Sources */ = {isa = PBXBuildFile; fileRef = 7B469C4D1A2237EC0054019D /* Barrier.swift */; };
		7B469C501A223AB40054019D /* LoadingCell.swift in Sources */ = {isa = PBXBuildFile; fileRef = 7B469C4F1A223AB40054019D /* LoadingCell.swift */; };
		7B469C521A225E430054019D /* LoadingCell.xib in Resources */ = {isa = PBXBuildFile; fileRef = 7B469C511A225E430054019D /* LoadingCell.xib */; };
		7B47339F1A1A9B4500D88C00 /* StatusSlider.swift in Sources */ = {isa = PBXBuildFile; fileRef = 7B47339E1A1A9B4500D88C00 /* StatusSlider.swift */; };
		7B4733AE1A1BC11100D88C00 /* ProfileCircle.swift in Sources */ = {isa = PBXBuildFile; fileRef = 7B4733AD1A1BC11100D88C00 /* ProfileCircle.swift */; };
		7B4733B01A1BC20000D88C00 /* Color.swift in Sources */ = {isa = PBXBuildFile; fileRef = 7B4733AF1A1BC20000D88C00 /* Color.swift */; };
		7B4733B61A1BE31C00D88C00 /* ProfileHeaderCell.swift in Sources */ = {isa = PBXBuildFile; fileRef = 7B4733B51A1BE31C00D88C00 /* ProfileHeaderCell.swift */; };
		7B4733B81A1BE35800D88C00 /* StatusSliderCell.swift in Sources */ = {isa = PBXBuildFile; fileRef = 7B4733B71A1BE35800D88C00 /* StatusSliderCell.swift */; };
		7B4733BA1A1BE38700D88C00 /* TaskCell.swift in Sources */ = {isa = PBXBuildFile; fileRef = 7B4733B91A1BE38700D88C00 /* TaskCell.swift */; };
		7B4733C11A1C593B00D88C00 /* Brandon_med.otf in Resources */ = {isa = PBXBuildFile; fileRef = 7B4733B41A1BD65000D88C00 /* Brandon_med.otf */; };
		7B4733C21A1C593B00D88C00 /* OpenSans-Light.ttf in Resources */ = {isa = PBXBuildFile; fileRef = 7B4733B21A1BCEC300D88C00 /* OpenSans-Light.ttf */; };
		7B4733C31A1C593B00D88C00 /* OpenSans-Regular.ttf in Resources */ = {isa = PBXBuildFile; fileRef = 7B4733B31A1BCEC300D88C00 /* OpenSans-Regular.ttf */; };
		7B4733C51A1D51BB00D88C00 /* UserStore.swift in Sources */ = {isa = PBXBuildFile; fileRef = 7B4733C41A1D51BB00D88C00 /* UserStore.swift */; };
		7B4733CA1A1D93DE00D88C00 /* SWRevealViewController.m in Sources */ = {isa = PBXBuildFile; fileRef = 7B4733C91A1D93DE00D88C00 /* SWRevealViewController.m */; };
		7B4733D01A1E551600D88C00 /* Team.swift in Sources */ = {isa = PBXBuildFile; fileRef = 7B4733CF1A1E551600D88C00 /* Team.swift */; };
		7B4733D31A1E81B300D88C00 /* NSDate+JavascriptTimestamp.m in Sources */ = {isa = PBXBuildFile; fileRef = 7B4733D21A1E81B300D88C00 /* NSDate+JavascriptTimestamp.m */; };
		7B4733D61A1E84C900D88C00 /* MenuViewController.swift in Sources */ = {isa = PBXBuildFile; fileRef = 7B4733D51A1E84C900D88C00 /* MenuViewController.swift */; };
		7B4733D91A1E8AB600D88C00 /* BaseTableViewController.swift in Sources */ = {isa = PBXBuildFile; fileRef = 7B4733D81A1E8AB600D88C00 /* BaseTableViewController.swift */; };
		7B5FE4211A33D79F002F24EA /* ApiKeys.plist in Resources */ = {isa = PBXBuildFile; fileRef = 7B5FE4201A33D79F002F24EA /* ApiKeys.plist */; };
		7B5FE4231A357BD3002F24EA /* ApiKeys.swift in Sources */ = {isa = PBXBuildFile; fileRef = 7B5FE4221A357BD3002F24EA /* ApiKeys.swift */; };
		7B64F2BD1A40FFF2001FA518 /* ArrayRef.swift in Sources */ = {isa = PBXBuildFile; fileRef = 7B64F2BC1A40FFF2001FA518 /* ArrayRef.swift */; };
		7B7439FD19F87E4E0075690A /* AppDelegate.swift in Sources */ = {isa = PBXBuildFile; fileRef = 7B7439FC19F87E4E0075690A /* AppDelegate.swift */; };
		7B743A0219F87E4E0075690A /* Main.storyboard in Resources */ = {isa = PBXBuildFile; fileRef = 7B743A0019F87E4E0075690A /* Main.storyboard */; };
		7B743A0419F87E4E0075690A /* Images.xcassets in Resources */ = {isa = PBXBuildFile; fileRef = 7B743A0319F87E4E0075690A /* Images.xcassets */; };
		7B743A0719F87E4E0075690A /* LaunchScreen.xib in Resources */ = {isa = PBXBuildFile; fileRef = 7B743A0519F87E4E0075690A /* LaunchScreen.xib */; };
		7B743A1319F87E4E0075690A /* BadgerTests.swift in Sources */ = {isa = PBXBuildFile; fileRef = 7B743A1219F87E4E0075690A /* BadgerTests.swift */; };
		7B743A2219F884070075690A /* libicucore.dylib in Frameworks */ = {isa = PBXBuildFile; fileRef = 7B743A2119F884070075690A /* libicucore.dylib */; };
		7B743A2419F884120075690A /* libc++.dylib in Frameworks */ = {isa = PBXBuildFile; fileRef = 7B743A2319F884120075690A /* libc++.dylib */; };
		7B743A2619F8841B0075690A /* CFNetwork.framework in Frameworks */ = {isa = PBXBuildFile; fileRef = 7B743A2519F8841B0075690A /* CFNetwork.framework */; };
		7B743A2819F884240075690A /* Security.framework in Frameworks */ = {isa = PBXBuildFile; fileRef = 7B743A2719F884240075690A /* Security.framework */; };
		7B743A2A19F8842E0075690A /* SystemConfiguration.framework in Frameworks */ = {isa = PBXBuildFile; fileRef = 7B743A2919F8842E0075690A /* SystemConfiguration.framework */; };
		7B743A2E19F884AC0075690A /* Temp.m in Sources */ = {isa = PBXBuildFile; fileRef = 7B743A2D19F884AC0075690A /* Temp.m */; };
		7B743A3E19F943D30075690A /* Global.swift in Sources */ = {isa = PBXBuildFile; fileRef = 7B743A3D19F943D30075690A /* Global.swift */; };
		7B743A4019F946CD0075690A /* LoginViewController.swift in Sources */ = {isa = PBXBuildFile; fileRef = 7B743A3F19F946CD0075690A /* LoginViewController.swift */; };
		7B743A4219F949B40075690A /* AddressBook.framework in Frameworks */ = {isa = PBXBuildFile; fileRef = 7B743A4119F949B40075690A /* AddressBook.framework */; };
		7B743A4419F949BE0075690A /* AssetsLibrary.framework in Frameworks */ = {isa = PBXBuildFile; fileRef = 7B743A4319F949BE0075690A /* AssetsLibrary.framework */; };
		7B743A4619F949C90075690A /* Foundation.framework in Frameworks */ = {isa = PBXBuildFile; fileRef = 7B743A4519F949C90075690A /* Foundation.framework */; };
		7B743A4819F949D20075690A /* CoreLocation.framework in Frameworks */ = {isa = PBXBuildFile; fileRef = 7B743A4719F949D20075690A /* CoreLocation.framework */; };
		7B743A4A19F949D90075690A /* CoreMotion.framework in Frameworks */ = {isa = PBXBuildFile; fileRef = 7B743A4919F949D90075690A /* CoreMotion.framework */; };
		7B743A4C19F949E20075690A /* CoreGraphics.framework in Frameworks */ = {isa = PBXBuildFile; fileRef = 7B743A4B19F949E20075690A /* CoreGraphics.framework */; };
		7B743A4E19F949EB0075690A /* CoreText.framework in Frameworks */ = {isa = PBXBuildFile; fileRef = 7B743A4D19F949EB0075690A /* CoreText.framework */; };
		7B743A5019F949F30075690A /* MediaPlayer.framework in Frameworks */ = {isa = PBXBuildFile; fileRef = 7B743A4F19F949F30075690A /* MediaPlayer.framework */; };
		7B743A5219F94A0A0075690A /* UIKit.framework in Frameworks */ = {isa = PBXBuildFile; fileRef = 7B743A5119F94A0A0075690A /* UIKit.framework */; };
		7B743A5619F94A3D0075690A /* GoogleOpenSource.framework in Frameworks */ = {isa = PBXBuildFile; fileRef = 7B743A5319F94A3D0075690A /* GoogleOpenSource.framework */; };
		7B743A5719F94A3D0075690A /* GooglePlus.bundle in Resources */ = {isa = PBXBuildFile; fileRef = 7B743A5419F94A3D0075690A /* GooglePlus.bundle */; };
		7B743A5819F94A3D0075690A /* GooglePlus.framework in Frameworks */ = {isa = PBXBuildFile; fileRef = 7B743A5519F94A3D0075690A /* GooglePlus.framework */; };
		7B85DE401A0A92C00074A127 /* Task.swift in Sources */ = {isa = PBXBuildFile; fileRef = 7B85DE3F1A0A92C00074A127 /* Task.swift */; };
		7B90E0BE1A1F9EA4005EC421 /* HeaderCell.xib in Resources */ = {isa = PBXBuildFile; fileRef = 7B90E0BD1A1F9EA4005EC421 /* HeaderCell.xib */; };
		7B90E0C01A1F9F6E005EC421 /* HeaderCell.swift in Sources */ = {isa = PBXBuildFile; fileRef = 7B90E0BF1A1F9F6D005EC421 /* HeaderCell.swift */; };
		7B90E0C21A206A89005EC421 /* MyProfileCell.swift in Sources */ = {isa = PBXBuildFile; fileRef = 7B90E0C11A206A89005EC421 /* MyProfileCell.swift */; };
		7B90E0C41A214137005EC421 /* TeamCircle.swift in Sources */ = {isa = PBXBuildFile; fileRef = 7B90E0C31A214137005EC421 /* TeamCircle.swift */; };
		7B90E0C61A2141CD005EC421 /* MenuTeamCell.swift in Sources */ = {isa = PBXBuildFile; fileRef = 7B90E0C51A2141CD005EC421 /* MenuTeamCell.swift */; };
		7B90E0C81A21427F005EC421 /* BorderedCell.swift in Sources */ = {isa = PBXBuildFile; fileRef = 7B90E0C71A21427F005EC421 /* BorderedCell.swift */; };
		7B90E0CA1A21AA68005EC421 /* MenuNoTeamsCell.swift in Sources */ = {isa = PBXBuildFile; fileRef = 7B90E0C91A21AA68005EC421 /* MenuNoTeamsCell.swift */; };
		7B9A63281A2D641D00DF1143 /* TaskDetailTitleCell.swift in Sources */ = {isa = PBXBuildFile; fileRef = 7B9A63271A2D641D00DF1143 /* TaskDetailTitleCell.swift */; };
		7B9A632A1A2D642800DF1143 /* TaskDetailContentCell.swift in Sources */ = {isa = PBXBuildFile; fileRef = 7B9A63291A2D642800DF1143 /* TaskDetailContentCell.swift */; };
		7B9A63521A2E8A2F00DF1143 /* ProfileControlsCell.swift in Sources */ = {isa = PBXBuildFile; fileRef = 7B9A63511A2E8A2F00DF1143 /* ProfileControlsCell.swift */; };
		7B9A63541A2E8F9A00DF1143 /* TaskEditViewController.swift in Sources */ = {isa = PBXBuildFile; fileRef = 7B9A63531A2E8F9A00DF1143 /* TaskEditViewController.swift */; };
		7B9A63591A2E9C8D00DF1143 /* TaskEditTitleCell.swift in Sources */ = {isa = PBXBuildFile; fileRef = 7B9A63581A2E9C8D00DF1143 /* TaskEditTitleCell.swift */; };
		7B9A635B1A2E9CC800DF1143 /* TaskEditContentCell.swift in Sources */ = {isa = PBXBuildFile; fileRef = 7B9A635A1A2E9CC800DF1143 /* TaskEditContentCell.swift */; };
		7B9A635D1A2E9CD400DF1143 /* TaskEditPriorityCell.swift in Sources */ = {isa = PBXBuildFile; fileRef = 7B9A635C1A2E9CD400DF1143 /* TaskEditPriorityCell.swift */; };
		7BCAA5EF1A00A7D4003B55C7 /* User.swift in Sources */ = {isa = PBXBuildFile; fileRef = 7BCAA5EE1A00A7D4003B55C7 /* User.swift */; };
		7BD0F9C61A3E36B400BDF70D /* Firebase.framework in Frameworks */ = {isa = PBXBuildFile; fileRef = 7BD0F9C51A3E36B400BDF70D /* Firebase.framework */; };
		7BD0F9C81A3E442400BDF70D /* TaskDetailCompleteCell.swift in Sources */ = {isa = PBXBuildFile; fileRef = 7BD0F9C71A3E442400BDF70D /* TaskDetailCompleteCell.swift */; };
		7BD0F9CA1A3F326600BDF70D /* FirebaseObserver.swift in Sources */ = {isa = PBXBuildFile; fileRef = 7BD0F9C91A3F326600BDF70D /* FirebaseObserver.swift */; };
		7BD554CD1A3E04A8003D8BD0 /* TaskStore.swift in Sources */ = {isa = PBXBuildFile; fileRef = 7BD554CC1A3E04A8003D8BD0 /* TaskStore.swift */; };
		7BEC9AB71A38077E00080DDB /* TaskEditSubmitCell.swift in Sources */ = {isa = PBXBuildFile; fileRef = 7BEC9AB61A38077E00080DDB /* TaskEditSubmitCell.swift */; };
		7BF066171A1437B500F3E6A1 /* SplashScreenViewController.swift in Sources */ = {isa = PBXBuildFile; fileRef = 7BF066161A1437B500F3E6A1 /* SplashScreenViewController.swift */; };
/* End PBXBuildFile section */

/* Begin PBXContainerItemProxy section */
		7B743A0D19F87E4E0075690A /* PBXContainerItemProxy */ = {
			isa = PBXContainerItemProxy;
			containerPortal = 7B7439EF19F87E4E0075690A /* Project object */;
			proxyType = 1;
			remoteGlobalIDString = 7B7439F619F87E4E0075690A;
			remoteInfo = Badger;
		};
/* End PBXContainerItemProxy section */

/* Begin PBXFileReference section */
		7B070FC81A112CBD00997D50 /* FirebaseAsync.swift */ = {isa = PBXFileReference; fileEncoding = 4; lastKnownFileType = sourcecode.swift; path = FirebaseAsync.swift; sourceTree = "<group>"; };
		7B15CCFB1A38D22100519C8E /* UserCell.swift */ = {isa = PBXFileReference; fileEncoding = 4; lastKnownFileType = sourcecode.swift; path = UserCell.swift; sourceTree = "<group>"; };
		7B15CCFD1A38D22F00519C8E /* UserCell.xib */ = {isa = PBXFileReference; fileEncoding = 4; lastKnownFileType = file.xib; path = UserCell.xib; sourceTree = "<group>"; };
		7B15CD001A38D73300519C8E /* SelectUserViewController.swift */ = {isa = PBXFileReference; fileEncoding = 4; lastKnownFileType = sourcecode.swift; path = SelectUserViewController.swift; sourceTree = "<group>"; };
		7B15CD031A38EECD00519C8E /* TeamStore.swift */ = {isa = PBXFileReference; fileEncoding = 4; lastKnownFileType = sourcecode.swift; path = TeamStore.swift; sourceTree = "<group>"; };
		7B15CD061A3906ED00519C8E /* SelectTeamViewController.swift */ = {isa = PBXFileReference; fileEncoding = 4; lastKnownFileType = sourcecode.swift; path = SelectTeamViewController.swift; sourceTree = "<group>"; };
		7B15CD081A39080400519C8E /* TeamCell.swift */ = {isa = PBXFileReference; fileEncoding = 4; lastKnownFileType = sourcecode.swift; path = TeamCell.swift; sourceTree = "<group>"; };
		7B15CD0A1A39081600519C8E /* TeamCell.xib */ = {isa = PBXFileReference; fileEncoding = 4; lastKnownFileType = file.xib; path = TeamCell.xib; sourceTree = "<group>"; };
		7B15CD0C1A3922EA00519C8E /* ResizedImageButton.swift */ = {isa = PBXFileReference; fileEncoding = 4; lastKnownFileType = sourcecode.swift; path = ResizedImageButton.swift; sourceTree = "<group>"; };
		7B15CD161A3A59AF00519C8E /* ObservableDataStore.swift */ = {isa = PBXFileReference; fileEncoding = 4; lastKnownFileType = sourcecode.swift; path = ObservableDataStore.swift; sourceTree = "<group>"; };
		7B24278E1A2D3E7500A3144E /* TaskDetailViewController.swift */ = {isa = PBXFileReference; fileEncoding = 4; lastKnownFileType = sourcecode.swift; path = TaskDetailViewController.swift; sourceTree = "<group>"; };
		7B2427901A2D63F100A3144E /* TaskDetailAuthorCell.swift */ = {isa = PBXFileReference; fileEncoding = 4; lastKnownFileType = sourcecode.swift; path = TaskDetailAuthorCell.swift; sourceTree = "<group>"; };
		7B29F1971A264346003920AD /* TeamProfileViewController.swift */ = {isa = PBXFileReference; fileEncoding = 4; lastKnownFileType = sourcecode.swift; path = TeamProfileViewController.swift; sourceTree = "<group>"; };
		7B29F1991A2643FC003920AD /* TeamHeaderCell.swift */ = {isa = PBXFileReference; fileEncoding = 4; lastKnownFileType = sourcecode.swift; path = TeamHeaderCell.swift; sourceTree = "<group>"; };
		7B29F19B1A26443E003920AD /* TeamProfileControlCell.swift */ = {isa = PBXFileReference; fileEncoding = 4; lastKnownFileType = sourcecode.swift; path = TeamProfileControlCell.swift; sourceTree = "<group>"; };
		7B29F19D1A264465003920AD /* TeamMemberCell.swift */ = {isa = PBXFileReference; fileEncoding = 4; lastKnownFileType = sourcecode.swift; path = TeamMemberCell.swift; sourceTree = "<group>"; };
		7B39D28C1A01F6E10033D4FE /* ProfileViewController.swift */ = {isa = PBXFileReference; fileEncoding = 4; lastKnownFileType = sourcecode.swift; path = ProfileViewController.swift; sourceTree = "<group>"; };
		7B469C4B1A21B4AC0054019D /* MenuSettingsCell.swift */ = {isa = PBXFileReference; fileEncoding = 4; lastKnownFileType = sourcecode.swift; path = MenuSettingsCell.swift; sourceTree = "<group>"; };
		7B469C4D1A2237EC0054019D /* Barrier.swift */ = {isa = PBXFileReference; fileEncoding = 4; lastKnownFileType = sourcecode.swift; path = Barrier.swift; sourceTree = "<group>"; };
		7B469C4F1A223AB40054019D /* LoadingCell.swift */ = {isa = PBXFileReference; fileEncoding = 4; lastKnownFileType = sourcecode.swift; path = LoadingCell.swift; sourceTree = "<group>"; };
		7B469C511A225E430054019D /* LoadingCell.xib */ = {isa = PBXFileReference; fileEncoding = 4; lastKnownFileType = file.xib; path = LoadingCell.xib; sourceTree = "<group>"; };
		7B47339E1A1A9B4500D88C00 /* StatusSlider.swift */ = {isa = PBXFileReference; fileEncoding = 4; lastKnownFileType = sourcecode.swift; path = StatusSlider.swift; sourceTree = "<group>"; };
		7B4733AD1A1BC11100D88C00 /* ProfileCircle.swift */ = {isa = PBXFileReference; fileEncoding = 4; lastKnownFileType = sourcecode.swift; path = ProfileCircle.swift; sourceTree = "<group>"; };
		7B4733AF1A1BC20000D88C00 /* Color.swift */ = {isa = PBXFileReference; fileEncoding = 4; lastKnownFileType = sourcecode.swift; path = Color.swift; sourceTree = "<group>"; };
		7B4733B21A1BCEC300D88C00 /* OpenSans-Light.ttf */ = {isa = PBXFileReference; lastKnownFileType = file; path = "OpenSans-Light.ttf"; sourceTree = "<group>"; };
		7B4733B31A1BCEC300D88C00 /* OpenSans-Regular.ttf */ = {isa = PBXFileReference; lastKnownFileType = file; path = "OpenSans-Regular.ttf"; sourceTree = "<group>"; };
		7B4733B41A1BD65000D88C00 /* Brandon_med.otf */ = {isa = PBXFileReference; lastKnownFileType = file; path = Brandon_med.otf; sourceTree = "<group>"; };
		7B4733B51A1BE31C00D88C00 /* ProfileHeaderCell.swift */ = {isa = PBXFileReference; fileEncoding = 4; lastKnownFileType = sourcecode.swift; path = ProfileHeaderCell.swift; sourceTree = "<group>"; };
		7B4733B71A1BE35800D88C00 /* StatusSliderCell.swift */ = {isa = PBXFileReference; fileEncoding = 4; lastKnownFileType = sourcecode.swift; path = StatusSliderCell.swift; sourceTree = "<group>"; };
		7B4733B91A1BE38700D88C00 /* TaskCell.swift */ = {isa = PBXFileReference; fileEncoding = 4; lastKnownFileType = sourcecode.swift; path = TaskCell.swift; sourceTree = "<group>"; };
		7B4733C41A1D51BB00D88C00 /* UserStore.swift */ = {isa = PBXFileReference; fileEncoding = 4; lastKnownFileType = sourcecode.swift; path = UserStore.swift; sourceTree = "<group>"; };
		7B4733C81A1D93DE00D88C00 /* SWRevealViewController.h */ = {isa = PBXFileReference; fileEncoding = 4; lastKnownFileType = sourcecode.c.h; path = SWRevealViewController.h; sourceTree = "<group>"; };
		7B4733C91A1D93DE00D88C00 /* SWRevealViewController.m */ = {isa = PBXFileReference; fileEncoding = 4; lastKnownFileType = sourcecode.c.objc; path = SWRevealViewController.m; sourceTree = "<group>"; };
		7B4733CF1A1E551600D88C00 /* Team.swift */ = {isa = PBXFileReference; fileEncoding = 4; lastKnownFileType = sourcecode.swift; path = Team.swift; sourceTree = "<group>"; };
		7B4733D11A1E81B300D88C00 /* NSDate+JavascriptTimestamp.h */ = {isa = PBXFileReference; fileEncoding = 4; lastKnownFileType = sourcecode.c.h; path = "NSDate+JavascriptTimestamp.h"; sourceTree = "<group>"; };
		7B4733D21A1E81B300D88C00 /* NSDate+JavascriptTimestamp.m */ = {isa = PBXFileReference; fileEncoding = 4; lastKnownFileType = sourcecode.c.objc; path = "NSDate+JavascriptTimestamp.m"; sourceTree = "<group>"; };
		7B4733D51A1E84C900D88C00 /* MenuViewController.swift */ = {isa = PBXFileReference; fileEncoding = 4; lastKnownFileType = sourcecode.swift; path = MenuViewController.swift; sourceTree = "<group>"; };
		7B4733D81A1E8AB600D88C00 /* BaseTableViewController.swift */ = {isa = PBXFileReference; fileEncoding = 4; lastKnownFileType = sourcecode.swift; path = BaseTableViewController.swift; sourceTree = "<group>"; };
		7B5FE4201A33D79F002F24EA /* ApiKeys.plist */ = {isa = PBXFileReference; fileEncoding = 4; lastKnownFileType = text.plist.xml; path = ApiKeys.plist; sourceTree = "<group>"; };
		7B5FE4221A357BD3002F24EA /* ApiKeys.swift */ = {isa = PBXFileReference; fileEncoding = 4; lastKnownFileType = sourcecode.swift; path = ApiKeys.swift; sourceTree = "<group>"; };
		7B64F2BC1A40FFF2001FA518 /* ArrayRef.swift */ = {isa = PBXFileReference; fileEncoding = 4; lastKnownFileType = sourcecode.swift; path = ArrayRef.swift; sourceTree = "<group>"; };
		7B7439F719F87E4E0075690A /* Badger.app */ = {isa = PBXFileReference; explicitFileType = wrapper.application; includeInIndex = 0; path = Badger.app; sourceTree = BUILT_PRODUCTS_DIR; };
		7B7439FB19F87E4E0075690A /* Info.plist */ = {isa = PBXFileReference; lastKnownFileType = text.plist.xml; path = Info.plist; sourceTree = "<group>"; };
		7B7439FC19F87E4E0075690A /* AppDelegate.swift */ = {isa = PBXFileReference; lastKnownFileType = sourcecode.swift; path = AppDelegate.swift; sourceTree = "<group>"; };
		7B743A0119F87E4E0075690A /* Base */ = {isa = PBXFileReference; lastKnownFileType = file.storyboard; name = Base; path = Base.lproj/Main.storyboard; sourceTree = "<group>"; };
		7B743A0319F87E4E0075690A /* Images.xcassets */ = {isa = PBXFileReference; lastKnownFileType = folder.assetcatalog; path = Images.xcassets; sourceTree = "<group>"; };
		7B743A0619F87E4E0075690A /* Base */ = {isa = PBXFileReference; lastKnownFileType = file.xib; name = Base; path = Base.lproj/LaunchScreen.xib; sourceTree = "<group>"; };
		7B743A0C19F87E4E0075690A /* BadgerTests.xctest */ = {isa = PBXFileReference; explicitFileType = wrapper.cfbundle; includeInIndex = 0; path = BadgerTests.xctest; sourceTree = BUILT_PRODUCTS_DIR; };
		7B743A1119F87E4E0075690A /* Info.plist */ = {isa = PBXFileReference; lastKnownFileType = text.plist.xml; path = Info.plist; sourceTree = "<group>"; };
		7B743A1219F87E4E0075690A /* BadgerTests.swift */ = {isa = PBXFileReference; lastKnownFileType = sourcecode.swift; path = BadgerTests.swift; sourceTree = "<group>"; };
		7B743A2119F884070075690A /* libicucore.dylib */ = {isa = PBXFileReference; lastKnownFileType = "compiled.mach-o.dylib"; name = libicucore.dylib; path = usr/lib/libicucore.dylib; sourceTree = SDKROOT; };
		7B743A2319F884120075690A /* libc++.dylib */ = {isa = PBXFileReference; lastKnownFileType = "compiled.mach-o.dylib"; name = "libc++.dylib"; path = "usr/lib/libc++.dylib"; sourceTree = SDKROOT; };
		7B743A2519F8841B0075690A /* CFNetwork.framework */ = {isa = PBXFileReference; lastKnownFileType = wrapper.framework; name = CFNetwork.framework; path = System/Library/Frameworks/CFNetwork.framework; sourceTree = SDKROOT; };
		7B743A2719F884240075690A /* Security.framework */ = {isa = PBXFileReference; lastKnownFileType = wrapper.framework; name = Security.framework; path = System/Library/Frameworks/Security.framework; sourceTree = SDKROOT; };
		7B743A2919F8842E0075690A /* SystemConfiguration.framework */ = {isa = PBXFileReference; lastKnownFileType = wrapper.framework; name = SystemConfiguration.framework; path = System/Library/Frameworks/SystemConfiguration.framework; sourceTree = SDKROOT; };
		7B743A2C19F884AB0075690A /* Badger-Bridging-Header.h */ = {isa = PBXFileReference; lastKnownFileType = sourcecode.c.h; path = "Badger-Bridging-Header.h"; sourceTree = SOURCE_ROOT; };
		7B743A2D19F884AC0075690A /* Temp.m */ = {isa = PBXFileReference; fileEncoding = 4; lastKnownFileType = sourcecode.c.objc; name = Temp.m; path = ../Temp.m; sourceTree = "<group>"; };
		7B743A3D19F943D30075690A /* Global.swift */ = {isa = PBXFileReference; fileEncoding = 4; lastKnownFileType = sourcecode.swift; path = Global.swift; sourceTree = "<group>"; };
		7B743A3F19F946CD0075690A /* LoginViewController.swift */ = {isa = PBXFileReference; fileEncoding = 4; lastKnownFileType = sourcecode.swift; path = LoginViewController.swift; sourceTree = "<group>"; };
		7B743A4119F949B40075690A /* AddressBook.framework */ = {isa = PBXFileReference; lastKnownFileType = wrapper.framework; name = AddressBook.framework; path = System/Library/Frameworks/AddressBook.framework; sourceTree = SDKROOT; };
		7B743A4319F949BE0075690A /* AssetsLibrary.framework */ = {isa = PBXFileReference; lastKnownFileType = wrapper.framework; name = AssetsLibrary.framework; path = System/Library/Frameworks/AssetsLibrary.framework; sourceTree = SDKROOT; };
		7B743A4519F949C90075690A /* Foundation.framework */ = {isa = PBXFileReference; lastKnownFileType = wrapper.framework; name = Foundation.framework; path = System/Library/Frameworks/Foundation.framework; sourceTree = SDKROOT; };
		7B743A4719F949D20075690A /* CoreLocation.framework */ = {isa = PBXFileReference; lastKnownFileType = wrapper.framework; name = CoreLocation.framework; path = System/Library/Frameworks/CoreLocation.framework; sourceTree = SDKROOT; };
		7B743A4919F949D90075690A /* CoreMotion.framework */ = {isa = PBXFileReference; lastKnownFileType = wrapper.framework; name = CoreMotion.framework; path = System/Library/Frameworks/CoreMotion.framework; sourceTree = SDKROOT; };
		7B743A4B19F949E20075690A /* CoreGraphics.framework */ = {isa = PBXFileReference; lastKnownFileType = wrapper.framework; name = CoreGraphics.framework; path = System/Library/Frameworks/CoreGraphics.framework; sourceTree = SDKROOT; };
		7B743A4D19F949EB0075690A /* CoreText.framework */ = {isa = PBXFileReference; lastKnownFileType = wrapper.framework; name = CoreText.framework; path = System/Library/Frameworks/CoreText.framework; sourceTree = SDKROOT; };
		7B743A4F19F949F30075690A /* MediaPlayer.framework */ = {isa = PBXFileReference; lastKnownFileType = wrapper.framework; name = MediaPlayer.framework; path = System/Library/Frameworks/MediaPlayer.framework; sourceTree = SDKROOT; };
		7B743A5119F94A0A0075690A /* UIKit.framework */ = {isa = PBXFileReference; lastKnownFileType = wrapper.framework; name = UIKit.framework; path = System/Library/Frameworks/UIKit.framework; sourceTree = SDKROOT; };
		7B743A5319F94A3D0075690A /* GoogleOpenSource.framework */ = {isa = PBXFileReference; lastKnownFileType = wrapper.framework; path = GoogleOpenSource.framework; sourceTree = "<group>"; };
		7B743A5419F94A3D0075690A /* GooglePlus.bundle */ = {isa = PBXFileReference; lastKnownFileType = "wrapper.plug-in"; path = GooglePlus.bundle; sourceTree = "<group>"; };
		7B743A5519F94A3D0075690A /* GooglePlus.framework */ = {isa = PBXFileReference; lastKnownFileType = wrapper.framework; path = GooglePlus.framework; sourceTree = "<group>"; };
		7B85DE3F1A0A92C00074A127 /* Task.swift */ = {isa = PBXFileReference; fileEncoding = 4; lastKnownFileType = sourcecode.swift; path = Task.swift; sourceTree = "<group>"; };
		7B90E0BD1A1F9EA4005EC421 /* HeaderCell.xib */ = {isa = PBXFileReference; fileEncoding = 4; lastKnownFileType = file.xib; path = HeaderCell.xib; sourceTree = "<group>"; };
		7B90E0BF1A1F9F6D005EC421 /* HeaderCell.swift */ = {isa = PBXFileReference; fileEncoding = 4; lastKnownFileType = sourcecode.swift; path = HeaderCell.swift; sourceTree = "<group>"; };
		7B90E0C11A206A89005EC421 /* MyProfileCell.swift */ = {isa = PBXFileReference; fileEncoding = 4; lastKnownFileType = sourcecode.swift; path = MyProfileCell.swift; sourceTree = "<group>"; };
		7B90E0C31A214137005EC421 /* TeamCircle.swift */ = {isa = PBXFileReference; fileEncoding = 4; lastKnownFileType = sourcecode.swift; path = TeamCircle.swift; sourceTree = "<group>"; };
		7B90E0C51A2141CD005EC421 /* MenuTeamCell.swift */ = {isa = PBXFileReference; fileEncoding = 4; lastKnownFileType = sourcecode.swift; path = MenuTeamCell.swift; sourceTree = "<group>"; };
		7B90E0C71A21427F005EC421 /* BorderedCell.swift */ = {isa = PBXFileReference; fileEncoding = 4; lastKnownFileType = sourcecode.swift; path = BorderedCell.swift; sourceTree = "<group>"; };
		7B90E0C91A21AA68005EC421 /* MenuNoTeamsCell.swift */ = {isa = PBXFileReference; fileEncoding = 4; lastKnownFileType = sourcecode.swift; path = MenuNoTeamsCell.swift; sourceTree = "<group>"; };
		7B9A63271A2D641D00DF1143 /* TaskDetailTitleCell.swift */ = {isa = PBXFileReference; fileEncoding = 4; lastKnownFileType = sourcecode.swift; path = TaskDetailTitleCell.swift; sourceTree = "<group>"; };
		7B9A63291A2D642800DF1143 /* TaskDetailContentCell.swift */ = {isa = PBXFileReference; fileEncoding = 4; lastKnownFileType = sourcecode.swift; path = TaskDetailContentCell.swift; sourceTree = "<group>"; };
		7B9A63511A2E8A2F00DF1143 /* ProfileControlsCell.swift */ = {isa = PBXFileReference; fileEncoding = 4; lastKnownFileType = sourcecode.swift; path = ProfileControlsCell.swift; sourceTree = "<group>"; };
		7B9A63531A2E8F9A00DF1143 /* TaskEditViewController.swift */ = {isa = PBXFileReference; fileEncoding = 4; lastKnownFileType = sourcecode.swift; path = TaskEditViewController.swift; sourceTree = "<group>"; };
		7B9A63581A2E9C8D00DF1143 /* TaskEditTitleCell.swift */ = {isa = PBXFileReference; fileEncoding = 4; lastKnownFileType = sourcecode.swift; path = TaskEditTitleCell.swift; sourceTree = "<group>"; };
		7B9A635A1A2E9CC800DF1143 /* TaskEditContentCell.swift */ = {isa = PBXFileReference; fileEncoding = 4; lastKnownFileType = sourcecode.swift; path = TaskEditContentCell.swift; sourceTree = "<group>"; };
		7B9A635C1A2E9CD400DF1143 /* TaskEditPriorityCell.swift */ = {isa = PBXFileReference; fileEncoding = 4; lastKnownFileType = sourcecode.swift; path = TaskEditPriorityCell.swift; sourceTree = "<group>"; };
		7BCAA5EE1A00A7D4003B55C7 /* User.swift */ = {isa = PBXFileReference; fileEncoding = 4; lastKnownFileType = sourcecode.swift; path = User.swift; sourceTree = "<group>"; };
		7BD0F9C51A3E36B400BDF70D /* Firebase.framework */ = {isa = PBXFileReference; lastKnownFileType = wrapper.framework; path = Firebase.framework; sourceTree = "<group>"; };
		7BD0F9C71A3E442400BDF70D /* TaskDetailCompleteCell.swift */ = {isa = PBXFileReference; fileEncoding = 4; lastKnownFileType = sourcecode.swift; path = TaskDetailCompleteCell.swift; sourceTree = "<group>"; };
		7BD0F9C91A3F326600BDF70D /* FirebaseObserver.swift */ = {isa = PBXFileReference; fileEncoding = 4; lastKnownFileType = sourcecode.swift; path = FirebaseObserver.swift; sourceTree = "<group>"; };
		7BD554CC1A3E04A8003D8BD0 /* TaskStore.swift */ = {isa = PBXFileReference; fileEncoding = 4; lastKnownFileType = sourcecode.swift; path = TaskStore.swift; sourceTree = "<group>"; };
		7BEC9AB61A38077E00080DDB /* TaskEditSubmitCell.swift */ = {isa = PBXFileReference; fileEncoding = 4; lastKnownFileType = sourcecode.swift; path = TaskEditSubmitCell.swift; sourceTree = "<group>"; };
		7BF066161A1437B500F3E6A1 /* SplashScreenViewController.swift */ = {isa = PBXFileReference; fileEncoding = 4; lastKnownFileType = sourcecode.swift; path = SplashScreenViewController.swift; sourceTree = "<group>"; };
/* End PBXFileReference section */

/* Begin PBXFrameworksBuildPhase section */
		7B7439F419F87E4E0075690A /* Frameworks */ = {
			isa = PBXFrameworksBuildPhase;
			buildActionMask = 2147483647;
			files = (
				7B743A5819F94A3D0075690A /* GooglePlus.framework in Frameworks */,
				7B743A5219F94A0A0075690A /* UIKit.framework in Frameworks */,
				7B743A2A19F8842E0075690A /* SystemConfiguration.framework in Frameworks */,
				7B743A2819F884240075690A /* Security.framework in Frameworks */,
				7B743A5019F949F30075690A /* MediaPlayer.framework in Frameworks */,
				7B743A4E19F949EB0075690A /* CoreText.framework in Frameworks */,
				7B743A4C19F949E20075690A /* CoreGraphics.framework in Frameworks */,
				7B743A5619F94A3D0075690A /* GoogleOpenSource.framework in Frameworks */,
				7B743A4A19F949D90075690A /* CoreMotion.framework in Frameworks */,
				7B743A4819F949D20075690A /* CoreLocation.framework in Frameworks */,
				7B743A4619F949C90075690A /* Foundation.framework in Frameworks */,
				7B743A4419F949BE0075690A /* AssetsLibrary.framework in Frameworks */,
				7B743A4219F949B40075690A /* AddressBook.framework in Frameworks */,
				7BD0F9C61A3E36B400BDF70D /* Firebase.framework in Frameworks */,
				7B743A2619F8841B0075690A /* CFNetwork.framework in Frameworks */,
				7B743A2419F884120075690A /* libc++.dylib in Frameworks */,
				7B743A2219F884070075690A /* libicucore.dylib in Frameworks */,
			);
			runOnlyForDeploymentPostprocessing = 0;
		};
		7B743A0919F87E4E0075690A /* Frameworks */ = {
			isa = PBXFrameworksBuildPhase;
			buildActionMask = 2147483647;
			files = (
			);
			runOnlyForDeploymentPostprocessing = 0;
		};
/* End PBXFrameworksBuildPhase section */

/* Begin PBXGroup section */
		7B070FC71A112CA200997D50 /* Lib */ = {
			isa = PBXGroup;
			children = (
				7B64F2BC1A40FFF2001FA518 /* ArrayRef.swift */,
				7BD0F9C91A3F326600BDF70D /* FirebaseObserver.swift */,
				7B4733C81A1D93DE00D88C00 /* SWRevealViewController.h */,
				7B4733C91A1D93DE00D88C00 /* SWRevealViewController.m */,
				7B4733D11A1E81B300D88C00 /* NSDate+JavascriptTimestamp.h */,
				7B4733D21A1E81B300D88C00 /* NSDate+JavascriptTimestamp.m */,
				7B070FC81A112CBD00997D50 /* FirebaseAsync.swift */,
				7B4733AF1A1BC20000D88C00 /* Color.swift */,
				7B469C4D1A2237EC0054019D /* Barrier.swift */,
			);
			name = Lib;
			sourceTree = "<group>";
		};
		7B15CCFF1A38D71000519C8E /* Select User */ = {
			isa = PBXGroup;
			children = (
				7B15CD001A38D73300519C8E /* SelectUserViewController.swift */,
			);
			name = "Select User";
			sourceTree = "<group>";
		};
		7B15CD021A38DA8900519C8E /* Models */ = {
			isa = PBXGroup;
			children = (
				7B85DE3F1A0A92C00074A127 /* Task.swift */,
				7B4733CF1A1E551600D88C00 /* Team.swift */,
				7BCAA5EE1A00A7D4003B55C7 /* User.swift */,
			);
			name = Models;
			sourceTree = "<group>";
		};
		7B15CD051A3906D100519C8E /* Select Team */ = {
			isa = PBXGroup;
			children = (
				7B15CD061A3906ED00519C8E /* SelectTeamViewController.swift */,
			);
			name = "Select Team";
			sourceTree = "<group>";
		};
		7B24278D1A2D3E5400A3144E /* Task Detail */ = {
			isa = PBXGroup;
			children = (
				7B24278E1A2D3E7500A3144E /* TaskDetailViewController.swift */,
				7B2427901A2D63F100A3144E /* TaskDetailAuthorCell.swift */,
				7B9A63271A2D641D00DF1143 /* TaskDetailTitleCell.swift */,
				7B9A63291A2D642800DF1143 /* TaskDetailContentCell.swift */,
				7BD0F9C71A3E442400BDF70D /* TaskDetailCompleteCell.swift */,
			);
			name = "Task Detail";
			sourceTree = "<group>";
		};
		7B29F1941A263A90003920AD /* Team Profile */ = {
			isa = PBXGroup;
			children = (
				7B29F1971A264346003920AD /* TeamProfileViewController.swift */,
				7B29F1991A2643FC003920AD /* TeamHeaderCell.swift */,
				7B29F19B1A26443E003920AD /* TeamProfileControlCell.swift */,
				7B29F19D1A264465003920AD /* TeamMemberCell.swift */,
			);
			name = "Team Profile";
			sourceTree = "<group>";
		};
		7B39D28B1A01F6C00033D4FE /* User Profile */ = {
			isa = PBXGroup;
			children = (
				7B39D28C1A01F6E10033D4FE /* ProfileViewController.swift */,
				7B4733B51A1BE31C00D88C00 /* ProfileHeaderCell.swift */,
				7B9A63511A2E8A2F00DF1143 /* ProfileControlsCell.swift */,
				7B4733B71A1BE35800D88C00 /* StatusSliderCell.swift */,
				7B4733B91A1BE38700D88C00 /* TaskCell.swift */,
			);
			name = "User Profile";
			sourceTree = "<group>";
		};
		7B4733A01A1ACBC400D88C00 /* Images */ = {
			isa = PBXGroup;
			children = (
			);
			name = Images;
			sourceTree = "<group>";
		};
		7B4733B11A1BCE9800D88C00 /* Fonts */ = {
			isa = PBXGroup;
			children = (
				7B4733B41A1BD65000D88C00 /* Brandon_med.otf */,
				7B4733B21A1BCEC300D88C00 /* OpenSans-Light.ttf */,
				7B4733B31A1BCEC300D88C00 /* OpenSans-Regular.ttf */,
			);
			name = Fonts;
			sourceTree = "<group>";
		};
		7B4733D41A1E84B100D88C00 /* Menu */ = {
			isa = PBXGroup;
			children = (
				7B4733D51A1E84C900D88C00 /* MenuViewController.swift */,
				7B90E0C11A206A89005EC421 /* MyProfileCell.swift */,
				7B90E0C51A2141CD005EC421 /* MenuTeamCell.swift */,
				7B90E0C91A21AA68005EC421 /* MenuNoTeamsCell.swift */,
				7B469C4B1A21B4AC0054019D /* MenuSettingsCell.swift */,
			);
			name = Menu;
			sourceTree = "<group>";
		};
		7B4733D71A1E8A7E00D88C00 /* Bases */ = {
			isa = PBXGroup;
			children = (
				7B4733D81A1E8AB600D88C00 /* BaseTableViewController.swift */,
			);
			name = Bases;
			sourceTree = "<group>";
		};
		7B7439EE19F87E4E0075690A = {
			isa = PBXGroup;
			children = (
				7B7439F919F87E4E0075690A /* Badger */,
				7B743A0F19F87E4E0075690A /* BadgerTests */,
				7B743A2B19F884840075690A /* Lib */,
				7B7439F819F87E4E0075690A /* Products */,
			);
			sourceTree = "<group>";
		};
		7B7439F819F87E4E0075690A /* Products */ = {
			isa = PBXGroup;
			children = (
				7B7439F719F87E4E0075690A /* Badger.app */,
				7B743A0C19F87E4E0075690A /* BadgerTests.xctest */,
			);
			name = Products;
			sourceTree = "<group>";
		};
		7B7439F919F87E4E0075690A /* Badger */ = {
			isa = PBXGroup;
			children = (
				7B90E0BC1A1F9E84005EC421 /* Shared Cells */,
				7B070FC71A112CA200997D50 /* Lib */,
				7B7CAACE1A03E3020028E523 /* Elements */,
				7BCAA5EB1A00A443003B55C7 /* Data */,
				7B743A2F19F8862C0075690A /* Views */,
				7B7439FC19F87E4E0075690A /* AppDelegate.swift */,
				7B743A0019F87E4E0075690A /* Main.storyboard */,
				7B743A0319F87E4E0075690A /* Images.xcassets */,
				7B743A0519F87E4E0075690A /* LaunchScreen.xib */,
				7B743A3D19F943D30075690A /* Global.swift */,
				7B7439FA19F87E4E0075690A /* Supporting Files */,
				7B4733B11A1BCE9800D88C00 /* Fonts */,
				7B4733A01A1ACBC400D88C00 /* Images */,
				7B5FE4201A33D79F002F24EA /* ApiKeys.plist */,
				7B5FE4221A357BD3002F24EA /* ApiKeys.swift */,
			);
			path = Badger;
			sourceTree = "<group>";
		};
		7B7439FA19F87E4E0075690A /* Supporting Files */ = {
			isa = PBXGroup;
			children = (
				7B743A2C19F884AB0075690A /* Badger-Bridging-Header.h */,
				7B743A2D19F884AC0075690A /* Temp.m */,
				7B7439FB19F87E4E0075690A /* Info.plist */,
			);
			name = "Supporting Files";
			sourceTree = "<group>";
		};
		7B743A0F19F87E4E0075690A /* BadgerTests */ = {
			isa = PBXGroup;
			children = (
				7B743A1219F87E4E0075690A /* BadgerTests.swift */,
				7B743A1019F87E4E0075690A /* Supporting Files */,
			);
			path = BadgerTests;
			sourceTree = "<group>";
		};
		7B743A1019F87E4E0075690A /* Supporting Files */ = {
			isa = PBXGroup;
			children = (
				7B743A1119F87E4E0075690A /* Info.plist */,
			);
			name = "Supporting Files";
			sourceTree = "<group>";
		};
		7B743A2B19F884840075690A /* Lib */ = {
			isa = PBXGroup;
			children = (
				7BD0F9C51A3E36B400BDF70D /* Firebase.framework */,
				7B743A5319F94A3D0075690A /* GoogleOpenSource.framework */,
				7B743A5419F94A3D0075690A /* GooglePlus.bundle */,
				7B743A5519F94A3D0075690A /* GooglePlus.framework */,
				7B743A5119F94A0A0075690A /* UIKit.framework */,
				7B743A4F19F949F30075690A /* MediaPlayer.framework */,
				7B743A4D19F949EB0075690A /* CoreText.framework */,
				7B743A4B19F949E20075690A /* CoreGraphics.framework */,
				7B743A4919F949D90075690A /* CoreMotion.framework */,
				7B743A4719F949D20075690A /* CoreLocation.framework */,
				7B743A4519F949C90075690A /* Foundation.framework */,
				7B743A4319F949BE0075690A /* AssetsLibrary.framework */,
				7B743A4119F949B40075690A /* AddressBook.framework */,
				7B743A2919F8842E0075690A /* SystemConfiguration.framework */,
				7B743A2719F884240075690A /* Security.framework */,
				7B743A2519F8841B0075690A /* CFNetwork.framework */,
				7B743A2319F884120075690A /* libc++.dylib */,
				7B743A2119F884070075690A /* libicucore.dylib */,
			);
			name = Lib;
			sourceTree = "<group>";
		};
		7B743A2F19F8862C0075690A /* Views */ = {
			isa = PBXGroup;
			children = (
				7B4733D71A1E8A7E00D88C00 /* Bases */,
				7BF066151A1437A500F3E6A1 /* Splashscreen */,
				7B4733D41A1E84B100D88C00 /* Menu */,
				7BF066141A1434DF00F3E6A1 /* Login */,
				7B39D28B1A01F6C00033D4FE /* User Profile */,
				7B29F1941A263A90003920AD /* Team Profile */,
				7B9A63551A2E8FA200DF1143 /* Task Edit */,
				7B24278D1A2D3E5400A3144E /* Task Detail */,
				7B15CCFF1A38D71000519C8E /* Select User */,
				7B15CD051A3906D100519C8E /* Select Team */,
			);
			name = Views;
			sourceTree = "<group>";
		};
		7B7CAACE1A03E3020028E523 /* Elements */ = {
			isa = PBXGroup;
			children = (
				7B47339E1A1A9B4500D88C00 /* StatusSlider.swift */,
				7B4733AD1A1BC11100D88C00 /* ProfileCircle.swift */,
				7B90E0C31A214137005EC421 /* TeamCircle.swift */,
				7B90E0C71A21427F005EC421 /* BorderedCell.swift */,
				7B15CD0C1A3922EA00519C8E /* ResizedImageButton.swift */,
			);
			name = Elements;
			sourceTree = "<group>";
		};
		7B90E0BC1A1F9E84005EC421 /* Shared Cells */ = {
			isa = PBXGroup;
			children = (
				7B90E0BF1A1F9F6D005EC421 /* HeaderCell.swift */,
				7B90E0BD1A1F9EA4005EC421 /* HeaderCell.xib */,
				7B469C4F1A223AB40054019D /* LoadingCell.swift */,
				7B469C511A225E430054019D /* LoadingCell.xib */,
				7B15CCFB1A38D22100519C8E /* UserCell.swift */,
				7B15CCFD1A38D22F00519C8E /* UserCell.xib */,
				7B15CD081A39080400519C8E /* TeamCell.swift */,
				7B15CD0A1A39081600519C8E /* TeamCell.xib */,
			);
			name = "Shared Cells";
			sourceTree = "<group>";
		};
		7B9A63551A2E8FA200DF1143 /* Task Edit */ = {
			isa = PBXGroup;
			children = (
				7B9A63531A2E8F9A00DF1143 /* TaskEditViewController.swift */,
				7B9A63581A2E9C8D00DF1143 /* TaskEditTitleCell.swift */,
				7B9A635A1A2E9CC800DF1143 /* TaskEditContentCell.swift */,
				7B9A635C1A2E9CD400DF1143 /* TaskEditPriorityCell.swift */,
				7BEC9AB61A38077E00080DDB /* TaskEditSubmitCell.swift */,
			);
			name = "Task Edit";
			sourceTree = "<group>";
		};
		7BCAA5EB1A00A443003B55C7 /* Data */ = {
			isa = PBXGroup;
			children = (
				7B15CD021A38DA8900519C8E /* Models */,
				7B15CD161A3A59AF00519C8E /* ObservableDataStore.swift */,
				7BD554CC1A3E04A8003D8BD0 /* TaskStore.swift */,
				7B15CD031A38EECD00519C8E /* TeamStore.swift */,
				7B4733C41A1D51BB00D88C00 /* UserStore.swift */,
			);
			name = Data;
			sourceTree = "<group>";
		};
		7BF066141A1434DF00F3E6A1 /* Login */ = {
			isa = PBXGroup;
			children = (
				7B743A3F19F946CD0075690A /* LoginViewController.swift */,
			);
			name = Login;
			sourceTree = "<group>";
		};
		7BF066151A1437A500F3E6A1 /* Splashscreen */ = {
			isa = PBXGroup;
			children = (
				7BF066161A1437B500F3E6A1 /* SplashScreenViewController.swift */,
			);
			name = Splashscreen;
			sourceTree = "<group>";
		};
/* End PBXGroup section */

/* Begin PBXNativeTarget section */
		7B7439F619F87E4E0075690A /* Badger */ = {
			isa = PBXNativeTarget;
			buildConfigurationList = 7B743A1619F87E4E0075690A /* Build configuration list for PBXNativeTarget "Badger" */;
			buildPhases = (
				7B7439F319F87E4E0075690A /* Sources */,
				7B7439F419F87E4E0075690A /* Frameworks */,
				7B7439F519F87E4E0075690A /* Resources */,
			);
			buildRules = (
			);
			dependencies = (
			);
			name = Badger;
			productName = Badger;
			productReference = 7B7439F719F87E4E0075690A /* Badger.app */;
			productType = "com.apple.product-type.application";
		};
		7B743A0B19F87E4E0075690A /* BadgerTests */ = {
			isa = PBXNativeTarget;
			buildConfigurationList = 7B743A1919F87E4E0075690A /* Build configuration list for PBXNativeTarget "BadgerTests" */;
			buildPhases = (
				7B743A0819F87E4E0075690A /* Sources */,
				7B743A0919F87E4E0075690A /* Frameworks */,
				7B743A0A19F87E4E0075690A /* Resources */,
			);
			buildRules = (
			);
			dependencies = (
				7B743A0E19F87E4E0075690A /* PBXTargetDependency */,
			);
			name = BadgerTests;
			productName = BadgerTests;
			productReference = 7B743A0C19F87E4E0075690A /* BadgerTests.xctest */;
			productType = "com.apple.product-type.bundle.unit-test";
		};
/* End PBXNativeTarget section */

/* Begin PBXProject section */
		7B7439EF19F87E4E0075690A /* Project object */ = {
			isa = PBXProject;
			attributes = {
				LastUpgradeCheck = 0600;
				ORGANIZATIONNAME = "Blake VanLandingham";
				TargetAttributes = {
					7B7439F619F87E4E0075690A = {
						CreatedOnToolsVersion = 6.0.1;
					};
					7B743A0B19F87E4E0075690A = {
						CreatedOnToolsVersion = 6.0.1;
						TestTargetID = 7B7439F619F87E4E0075690A;
					};
				};
			};
			buildConfigurationList = 7B7439F219F87E4E0075690A /* Build configuration list for PBXProject "Badger" */;
			compatibilityVersion = "Xcode 3.2";
			developmentRegion = English;
			hasScannedForEncodings = 0;
			knownRegions = (
				en,
				Base,
			);
			mainGroup = 7B7439EE19F87E4E0075690A;
			productRefGroup = 7B7439F819F87E4E0075690A /* Products */;
			projectDirPath = "";
			projectRoot = "";
			targets = (
				7B7439F619F87E4E0075690A /* Badger */,
				7B743A0B19F87E4E0075690A /* BadgerTests */,
			);
		};
/* End PBXProject section */

/* Begin PBXResourcesBuildPhase section */
		7B7439F519F87E4E0075690A /* Resources */ = {
			isa = PBXResourcesBuildPhase;
			buildActionMask = 2147483647;
			files = (
				7B4733C11A1C593B00D88C00 /* Brandon_med.otf in Resources */,
				7B4733C21A1C593B00D88C00 /* OpenSans-Light.ttf in Resources */,
				7B15CD0B1A39081600519C8E /* TeamCell.xib in Resources */,
				7B4733C31A1C593B00D88C00 /* OpenSans-Regular.ttf in Resources */,
				7B743A0219F87E4E0075690A /* Main.storyboard in Resources */,
				7B5FE4211A33D79F002F24EA /* ApiKeys.plist in Resources */,
				7B90E0BE1A1F9EA4005EC421 /* HeaderCell.xib in Resources */,
				7B743A0719F87E4E0075690A /* LaunchScreen.xib in Resources */,
				7B469C521A225E430054019D /* LoadingCell.xib in Resources */,
				7B743A5719F94A3D0075690A /* GooglePlus.bundle in Resources */,
				7B743A0419F87E4E0075690A /* Images.xcassets in Resources */,
				7B15CCFE1A38D22F00519C8E /* UserCell.xib in Resources */,
			);
			runOnlyForDeploymentPostprocessing = 0;
		};
		7B743A0A19F87E4E0075690A /* Resources */ = {
			isa = PBXResourcesBuildPhase;
			buildActionMask = 2147483647;
			files = (
			);
			runOnlyForDeploymentPostprocessing = 0;
		};
/* End PBXResourcesBuildPhase section */

/* Begin PBXSourcesBuildPhase section */
		7B7439F319F87E4E0075690A /* Sources */ = {
			isa = PBXSourcesBuildPhase;
			buildActionMask = 2147483647;
			files = (
				7B4733AE1A1BC11100D88C00 /* ProfileCircle.swift in Sources */,
				7B4733BA1A1BE38700D88C00 /* TaskCell.swift in Sources */,
				7B4733B61A1BE31C00D88C00 /* ProfileHeaderCell.swift in Sources */,
				7B29F19C1A26443E003920AD /* TeamProfileControlCell.swift in Sources */,
				7BD0F9C81A3E442400BDF70D /* TaskDetailCompleteCell.swift in Sources */,
				7B29F1981A264346003920AD /* TeamProfileViewController.swift in Sources */,
				7B070FC91A112CBD00997D50 /* FirebaseAsync.swift in Sources */,
				7B743A4019F946CD0075690A /* LoginViewController.swift in Sources */,
				7BD554CD1A3E04A8003D8BD0 /* TaskStore.swift in Sources */,
				7BEC9AB71A38077E00080DDB /* TaskEditSubmitCell.swift in Sources */,
				7B15CD011A38D73300519C8E /* SelectUserViewController.swift in Sources */,
				7B15CD041A38EECD00519C8E /* TeamStore.swift in Sources */,
				7B15CD0D1A3922EA00519C8E /* ResizedImageButton.swift in Sources */,
				7BD0F9CA1A3F326600BDF70D /* FirebaseObserver.swift in Sources */,
				7B4733C51A1D51BB00D88C00 /* UserStore.swift in Sources */,
				7B469C501A223AB40054019D /* LoadingCell.swift in Sources */,
				7B9A63591A2E9C8D00DF1143 /* TaskEditTitleCell.swift in Sources */,
				7B5FE4231A357BD3002F24EA /* ApiKeys.swift in Sources */,
				7B90E0C61A2141CD005EC421 /* MenuTeamCell.swift in Sources */,
				7B15CD171A3A59AF00519C8E /* ObservableDataStore.swift in Sources */,
				7B7439FD19F87E4E0075690A /* AppDelegate.swift in Sources */,
				7B4733D91A1E8AB600D88C00 /* BaseTableViewController.swift in Sources */,
				7B24278F1A2D3E7500A3144E /* TaskDetailViewController.swift in Sources */,
				7B2427911A2D63F100A3144E /* TaskDetailAuthorCell.swift in Sources */,
				7B9A632A1A2D642800DF1143 /* TaskDetailContentCell.swift in Sources */,
				7B4733D61A1E84C900D88C00 /* MenuViewController.swift in Sources */,
				7B9A63521A2E8A2F00DF1143 /* ProfileControlsCell.swift in Sources */,
				7B15CD091A39080400519C8E /* TeamCell.swift in Sources */,
				7B29F19E1A264465003920AD /* TeamMemberCell.swift in Sources */,
				7B47339F1A1A9B4500D88C00 /* StatusSlider.swift in Sources */,
				7B90E0C21A206A89005EC421 /* MyProfileCell.swift in Sources */,
				7B4733D31A1E81B300D88C00 /* NSDate+JavascriptTimestamp.m in Sources */,
				7B743A3E19F943D30075690A /* Global.swift in Sources */,
				7B15CCFC1A38D22100519C8E /* UserCell.swift in Sources */,
				7B4733CA1A1D93DE00D88C00 /* SWRevealViewController.m in Sources */,
				7B469C4E1A2237EC0054019D /* Barrier.swift in Sources */,
				7B90E0CA1A21AA68005EC421 /* MenuNoTeamsCell.swift in Sources */,
				7BCAA5EF1A00A7D4003B55C7 /* User.swift in Sources */,
				7B90E0C41A214137005EC421 /* TeamCircle.swift in Sources */,
				7B29F19A1A2643FC003920AD /* TeamHeaderCell.swift in Sources */,
				7B469C4C1A21B4AC0054019D /* MenuSettingsCell.swift in Sources */,
				7B4733D01A1E551600D88C00 /* Team.swift in Sources */,
				7B9A635D1A2E9CD400DF1143 /* TaskEditPriorityCell.swift in Sources */,
				7B15CD071A3906ED00519C8E /* SelectTeamViewController.swift in Sources */,
				7B90E0C81A21427F005EC421 /* BorderedCell.swift in Sources */,
				7B64F2BD1A40FFF2001FA518 /* ArrayRef.swift in Sources */,
				7BF066171A1437B500F3E6A1 /* SplashScreenViewController.swift in Sources */,
				7B4733B81A1BE35800D88C00 /* StatusSliderCell.swift in Sources */,
				7B90E0C01A1F9F6E005EC421 /* HeaderCell.swift in Sources */,
				7B9A635B1A2E9CC800DF1143 /* TaskEditContentCell.swift in Sources */,
				7B39D28D1A01F6E10033D4FE /* ProfileViewController.swift in Sources */,
				7B9A63281A2D641D00DF1143 /* TaskDetailTitleCell.swift in Sources */,
				7B85DE401A0A92C00074A127 /* Task.swift in Sources */,
				7B9A63541A2E8F9A00DF1143 /* TaskEditViewController.swift in Sources */,
				7B743A2E19F884AC0075690A /* Temp.m in Sources */,
				7B4733B01A1BC20000D88C00 /* Color.swift in Sources */,
			);
			runOnlyForDeploymentPostprocessing = 0;
		};
		7B743A0819F87E4E0075690A /* Sources */ = {
			isa = PBXSourcesBuildPhase;
			buildActionMask = 2147483647;
			files = (
				7B743A1319F87E4E0075690A /* BadgerTests.swift in Sources */,
			);
			runOnlyForDeploymentPostprocessing = 0;
		};
/* End PBXSourcesBuildPhase section */

/* Begin PBXTargetDependency section */
		7B743A0E19F87E4E0075690A /* PBXTargetDependency */ = {
			isa = PBXTargetDependency;
			target = 7B7439F619F87E4E0075690A /* Badger */;
			targetProxy = 7B743A0D19F87E4E0075690A /* PBXContainerItemProxy */;
		};
/* End PBXTargetDependency section */

/* Begin PBXVariantGroup section */
		7B743A0019F87E4E0075690A /* Main.storyboard */ = {
			isa = PBXVariantGroup;
			children = (
				7B743A0119F87E4E0075690A /* Base */,
			);
			name = Main.storyboard;
			sourceTree = "<group>";
		};
		7B743A0519F87E4E0075690A /* LaunchScreen.xib */ = {
			isa = PBXVariantGroup;
			children = (
				7B743A0619F87E4E0075690A /* Base */,
			);
			name = LaunchScreen.xib;
			sourceTree = "<group>";
		};
/* End PBXVariantGroup section */

/* Begin XCBuildConfiguration section */
		7B743A1419F87E4E0075690A /* Debug */ = {
			isa = XCBuildConfiguration;
			buildSettings = {
				ALWAYS_SEARCH_USER_PATHS = NO;
				CLANG_CXX_LANGUAGE_STANDARD = "gnu++0x";
				CLANG_CXX_LIBRARY = "libc++";
				CLANG_ENABLE_MODULES = YES;
				CLANG_ENABLE_OBJC_ARC = YES;
				CLANG_WARN_BOOL_CONVERSION = YES;
				CLANG_WARN_CONSTANT_CONVERSION = YES;
				CLANG_WARN_DIRECT_OBJC_ISA_USAGE = YES_ERROR;
				CLANG_WARN_EMPTY_BODY = YES;
				CLANG_WARN_ENUM_CONVERSION = YES;
				CLANG_WARN_INT_CONVERSION = YES;
				CLANG_WARN_OBJC_ROOT_CLASS = YES_ERROR;
				CLANG_WARN_UNREACHABLE_CODE = YES;
				CLANG_WARN__DUPLICATE_METHOD_MATCH = YES;
				"CODE_SIGN_IDENTITY[sdk=iphoneos*]" = "iPhone Developer";
				COPY_PHASE_STRIP = NO;
				ENABLE_STRICT_OBJC_MSGSEND = YES;
				GCC_C_LANGUAGE_STANDARD = gnu99;
				GCC_DYNAMIC_NO_PIC = NO;
				GCC_OPTIMIZATION_LEVEL = 0;
				GCC_PREPROCESSOR_DEFINITIONS = (
					"DEBUG=1",
					"$(inherited)",
				);
				GCC_SYMBOLS_PRIVATE_EXTERN = NO;
				GCC_WARN_64_TO_32_BIT_CONVERSION = YES;
				GCC_WARN_ABOUT_RETURN_TYPE = YES_ERROR;
				GCC_WARN_UNDECLARED_SELECTOR = YES;
				GCC_WARN_UNINITIALIZED_AUTOS = YES_AGGRESSIVE;
				GCC_WARN_UNUSED_FUNCTION = YES;
				GCC_WARN_UNUSED_VARIABLE = YES;
				IPHONEOS_DEPLOYMENT_TARGET = 8.0;
				MTL_ENABLE_DEBUG_INFO = YES;
				ONLY_ACTIVE_ARCH = YES;
				SDKROOT = iphoneos;
				SWIFT_OPTIMIZATION_LEVEL = "-Onone";
			};
			name = Debug;
		};
		7B743A1519F87E4E0075690A /* Release */ = {
			isa = XCBuildConfiguration;
			buildSettings = {
				ALWAYS_SEARCH_USER_PATHS = NO;
				CLANG_CXX_LANGUAGE_STANDARD = "gnu++0x";
				CLANG_CXX_LIBRARY = "libc++";
				CLANG_ENABLE_MODULES = YES;
				CLANG_ENABLE_OBJC_ARC = YES;
				CLANG_WARN_BOOL_CONVERSION = YES;
				CLANG_WARN_CONSTANT_CONVERSION = YES;
				CLANG_WARN_DIRECT_OBJC_ISA_USAGE = YES_ERROR;
				CLANG_WARN_EMPTY_BODY = YES;
				CLANG_WARN_ENUM_CONVERSION = YES;
				CLANG_WARN_INT_CONVERSION = YES;
				CLANG_WARN_OBJC_ROOT_CLASS = YES_ERROR;
				CLANG_WARN_UNREACHABLE_CODE = YES;
				CLANG_WARN__DUPLICATE_METHOD_MATCH = YES;
				"CODE_SIGN_IDENTITY[sdk=iphoneos*]" = "iPhone Developer";
				COPY_PHASE_STRIP = YES;
				ENABLE_NS_ASSERTIONS = NO;
				ENABLE_STRICT_OBJC_MSGSEND = YES;
				GCC_C_LANGUAGE_STANDARD = gnu99;
				GCC_WARN_64_TO_32_BIT_CONVERSION = YES;
				GCC_WARN_ABOUT_RETURN_TYPE = YES_ERROR;
				GCC_WARN_UNDECLARED_SELECTOR = YES;
				GCC_WARN_UNINITIALIZED_AUTOS = YES_AGGRESSIVE;
				GCC_WARN_UNUSED_FUNCTION = YES;
				GCC_WARN_UNUSED_VARIABLE = YES;
				IPHONEOS_DEPLOYMENT_TARGET = 8.0;
				MTL_ENABLE_DEBUG_INFO = NO;
				SDKROOT = iphoneos;
				VALIDATE_PRODUCT = YES;
			};
			name = Release;
		};
		7B743A1719F87E4E0075690A /* Debug */ = {
			isa = XCBuildConfiguration;
			buildSettings = {
				ASSETCATALOG_COMPILER_APPICON_NAME = AppIcon;
				CLANG_ENABLE_MODULES = YES;
				FRAMEWORK_SEARCH_PATHS = (
					"$(inherited)",
					"$(PROJECT_DIR)",
				);
				INFOPLIST_FILE = Badger/Info.plist;
				LD_RUNPATH_SEARCH_PATHS = "$(inherited) @executable_path/Frameworks";
				"OTHER_LDFLAGS[arch=*]" = "-ObjC";
				PRODUCT_NAME = "$(TARGET_NAME)";
				SWIFT_OBJC_BRIDGING_HEADER = "Badger-Bridging-Header.h";
				SWIFT_OPTIMIZATION_LEVEL = "-Onone";
			};
			name = Debug;
		};
		7B743A1819F87E4E0075690A /* Release */ = {
			isa = XCBuildConfiguration;
			buildSettings = {
				ASSETCATALOG_COMPILER_APPICON_NAME = AppIcon;
				CLANG_ENABLE_MODULES = YES;
				FRAMEWORK_SEARCH_PATHS = (
					"$(inherited)",
					"$(PROJECT_DIR)",
				);
				INFOPLIST_FILE = Badger/Info.plist;
				LD_RUNPATH_SEARCH_PATHS = "$(inherited) @executable_path/Frameworks";
				OTHER_LDFLAGS = "-ObjC";
				PRODUCT_NAME = "$(TARGET_NAME)";
				SWIFT_OBJC_BRIDGING_HEADER = "Badger-Bridging-Header.h";
			};
			name = Release;
		};
		7B743A1A19F87E4E0075690A /* Debug */ = {
			isa = XCBuildConfiguration;
			buildSettings = {
				BUNDLE_LOADER = "$(TEST_HOST)";
				FRAMEWORK_SEARCH_PATHS = (
					"$(SDKROOT)/Developer/Library/Frameworks",
					"$(inherited)",
				);
				GCC_PREPROCESSOR_DEFINITIONS = (
					"DEBUG=1",
					"$(inherited)",
				);
				INFOPLIST_FILE = BadgerTests/Info.plist;
				LD_RUNPATH_SEARCH_PATHS = "$(inherited) @executable_path/Frameworks @loader_path/Frameworks";
				PRODUCT_NAME = "$(TARGET_NAME)";
				TEST_HOST = "$(BUILT_PRODUCTS_DIR)/Badger.app/Badger";
			};
			name = Debug;
		};
		7B743A1B19F87E4E0075690A /* Release */ = {
			isa = XCBuildConfiguration;
			buildSettings = {
				BUNDLE_LOADER = "$(TEST_HOST)";
				FRAMEWORK_SEARCH_PATHS = (
					"$(SDKROOT)/Developer/Library/Frameworks",
					"$(inherited)",
				);
				INFOPLIST_FILE = BadgerTests/Info.plist;
				LD_RUNPATH_SEARCH_PATHS = "$(inherited) @executable_path/Frameworks @loader_path/Frameworks";
				PRODUCT_NAME = "$(TARGET_NAME)";
				TEST_HOST = "$(BUILT_PRODUCTS_DIR)/Badger.app/Badger";
			};
			name = Release;
		};
/* End XCBuildConfiguration section */

/* Begin XCConfigurationList section */
		7B7439F219F87E4E0075690A /* Build configuration list for PBXProject "Badger" */ = {
			isa = XCConfigurationList;
			buildConfigurations = (
				7B743A1419F87E4E0075690A /* Debug */,
				7B743A1519F87E4E0075690A /* Release */,
			);
			defaultConfigurationIsVisible = 0;
			defaultConfigurationName = Release;
		};
		7B743A1619F87E4E0075690A /* Build configuration list for PBXNativeTarget "Badger" */ = {
			isa = XCConfigurationList;
			buildConfigurations = (
				7B743A1719F87E4E0075690A /* Debug */,
				7B743A1819F87E4E0075690A /* Release */,
			);
			defaultConfigurationIsVisible = 0;
			defaultConfigurationName = Release;
		};
		7B743A1919F87E4E0075690A /* Build configuration list for PBXNativeTarget "BadgerTests" */ = {
			isa = XCConfigurationList;
			buildConfigurations = (
				7B743A1A19F87E4E0075690A /* Debug */,
				7B743A1B19F87E4E0075690A /* Release */,
			);
			defaultConfigurationIsVisible = 0;
			defaultConfigurationName = Release;
		};
/* End XCConfigurationList section */
	};
	rootObject = 7B7439EF19F87E4E0075690A /* Project object */;
}
